
Microsoft Visual Studio Solution File, Format Version 12.00
# Visual Studio Version 17
VisualStudioVersion = 17.7.34031.279
MinimumVisualStudioVersion = 10.0.40219.1
Project("{FAE04EC0-301F-11D3-BF4B-00C04F79EFBC}") = "Test", "Test\Test.csproj", "{F28B169E-6383-43DD-92ED-0C6D85BDDE10}"
EndProject
Project("{FAE04EC0-301F-11D3-BF4B-00C04F79EFBC}") = "Entidades", "Entidades\Entidades.csproj", "{91B30324-F912-4F86-9E79-16F8657A8B8D}"
EndProject
Global
	GlobalSection(SolutionConfigurationPlatforms) = preSolution
		Debug|Any CPU = Debug|Any CPU
		Release|Any CPU = Release|Any CPU
	EndGlobalSection
	GlobalSection(ProjectConfigurationPlatforms) = postSolution
		{F28B169E-6383-43DD-92ED-0C6D85BDDE10}.Debug|Any CPU.ActiveCfg = Debug|Any CPU
		{F28B169E-6383-43DD-92ED-0C6D85BDDE10}.Debug|Any CPU.Build.0 = Debug|Any CPU
		{F28B169E-6383-43DD-92ED-0C6D85BDDE10}.Release|Any CPU.ActiveCfg = Release|Any CPU
		{F28B169E-6383-43DD-92ED-0C6D85BDDE10}.Release|Any CPU.Build.0 = Release|Any CPU
		{91B30324-F912-4F86-9E79-16F8657A8B8D}.Debug|Any CPU.ActiveCfg = Debug|Any CPU
		{91B30324-F912-4F86-9E79-16F8657A8B8D}.Debug|Any CPU.Build.0 = Debug|Any CPU
		{91B30324-F912-4F86-9E79-16F8657A8B8D}.Release|Any CPU.ActiveCfg = Release|Any CPU
		{91B30324-F912-4F86-9E79-16F8657A8B8D}.Release|Any CPU.Build.0 = Release|Any CPU
	EndGlobalSection
	GlobalSection(SolutionProperties) = preSolution
		HideSolutionNode = FALSE
	EndGlobalSection
	GlobalSection(ExtensibilityGlobals) = postSolution
		SolutionGuid = {52FFBE6A-8507-4B03-B923-940617275EB6}
	EndGlobalSection
EndGlobal
